
Microsoft Visual Studio Solution File, Format Version 12.00
Project("{FAE04EC0-301F-11D3-BF4B-00C04F79EFBC}") = "api.test", "api.test.csproj", "{30652B33-DB85-4AD2-A24C-408B5EB4CDE4}"
EndProject
Global
	GlobalSection(SolutionConfigurationPlatforms) = preSolution
		Debug|Any CPU = Debug|Any CPU
		Release|Any CPU = Release|Any CPU
	EndGlobalSection
	GlobalSection(ProjectConfigurationPlatforms) = postSolution
		{30652B33-DB85-4AD2-A24C-408B5EB4CDE4}.Debug|Any CPU.ActiveCfg = Debug|Any CPU
		{30652B33-DB85-4AD2-A24C-408B5EB4CDE4}.Debug|Any CPU.Build.0 = Debug|Any CPU
		{30652B33-DB85-4AD2-A24C-408B5EB4CDE4}.Release|Any CPU.ActiveCfg = Release|Any CPU
		{30652B33-DB85-4AD2-A24C-408B5EB4CDE4}.Release|Any CPU.Build.0 = Release|Any CPU
	EndGlobalSection
EndGlobal
